
Microsoft Visual Studio Solution File, Format Version 12.00
# Visual Studio Version 17
VisualStudioVersion = 17.4.33122.133
MinimumVisualStudioVersion = 10.0.40219.1
Project("{FAE04EC0-301F-11D3-BF4B-00C04F79EFBC}") = "xyzTechnicalNavisworks", "xyzTechnicalNavisworks\xyzTechnicalNavisworks.csproj", "{17E78642-329D-4FDB-AFA0-A75483BFC1D0}"
EndProject
Project("{FAE04EC0-301F-11D3-BF4B-00C04F79EFBC}") = "xyzTechnicalRevit", "xyzTechnicalRevit\xyzTechnicalRevit.csproj", "{542285C8-3728-49E0-95FD-C75546A6CE96}"
EndProject
Global
	GlobalSection(SolutionConfigurationPlatforms) = preSolution
		Debug|Any CPU = Debug|Any CPU
		Navisworks2023Debug|Any CPU = Navisworks2023Debug|Any CPU
		Release|Any CPU = Release|Any CPU
		Revit2023Debug|Any CPU = Revit2023Debug|Any CPU
	EndGlobalSection
	GlobalSection(ProjectConfigurationPlatforms) = postSolution
		{17E78642-329D-4FDB-AFA0-A75483BFC1D0}.Debug|Any CPU.ActiveCfg = Debug|Any CPU
		{17E78642-329D-4FDB-AFA0-A75483BFC1D0}.Debug|Any CPU.Build.0 = Debug|Any CPU
		{17E78642-329D-4FDB-AFA0-A75483BFC1D0}.Navisworks2023Debug|Any CPU.ActiveCfg = Navisworks2023Debug|Any CPU
		{17E78642-329D-4FDB-AFA0-A75483BFC1D0}.Navisworks2023Debug|Any CPU.Build.0 = Navisworks2023Debug|Any CPU
		{17E78642-329D-4FDB-AFA0-A75483BFC1D0}.Release|Any CPU.ActiveCfg = Release|Any CPU
		{17E78642-329D-4FDB-AFA0-A75483BFC1D0}.Release|Any CPU.Build.0 = Release|Any CPU
		{17E78642-329D-4FDB-AFA0-A75483BFC1D0}.Revit2023Debug|Any CPU.ActiveCfg = Release|Any CPU
		{17E78642-329D-4FDB-AFA0-A75483BFC1D0}.Revit2023Debug|Any CPU.Build.0 = Release|Any CPU
		{542285C8-3728-49E0-95FD-C75546A6CE96}.Debug|Any CPU.ActiveCfg = Debug|Any CPU
		{542285C8-3728-49E0-95FD-C75546A6CE96}.Debug|Any CPU.Build.0 = Debug|Any CPU
		{542285C8-3728-49E0-95FD-C75546A6CE96}.Navisworks2023Debug|Any CPU.ActiveCfg = Navisworks2023Debug|Any CPU
		{542285C8-3728-49E0-95FD-C75546A6CE96}.Navisworks2023Debug|Any CPU.Build.0 = Navisworks2023Debug|Any CPU
		{542285C8-3728-49E0-95FD-C75546A6CE96}.Release|Any CPU.ActiveCfg = Release|Any CPU
		{542285C8-3728-49E0-95FD-C75546A6CE96}.Release|Any CPU.Build.0 = Release|Any CPU
		{542285C8-3728-49E0-95FD-C75546A6CE96}.Revit2023Debug|Any CPU.ActiveCfg = Revit2023Debug|Any CPU
		{542285C8-3728-49E0-95FD-C75546A6CE96}.Revit2023Debug|Any CPU.Build.0 = Revit2023Debug|Any CPU
	EndGlobalSection
	GlobalSection(SolutionProperties) = preSolution
		HideSolutionNode = FALSE
	EndGlobalSection
	GlobalSection(ExtensibilityGlobals) = postSolution
		SolutionGuid = {6A62FFD6-A97F-4593-88B8-C022259DD446}
	EndGlobalSection
EndGlobal
