
Microsoft Visual Studio Solution File, Format Version 12.00
# Visual Studio Version 17
VisualStudioVersion = 17.4.33122.133
MinimumVisualStudioVersion = 10.0.40219.1
Project("{FAE04EC0-301F-11D3-BF4B-00C04F79EFBC}") = "xyzTechnicalRevit", "xyzTechnicalRevit.csproj", "{542285C8-3728-49E0-95FD-C75546A6CE96}"
EndProject
Global
	GlobalSection(SolutionConfigurationPlatforms) = preSolution
		Debug|Any CPU = Debug|Any CPU
		Release|Any CPU = Release|Any CPU
	EndGlobalSection
	GlobalSection(ProjectConfigurationPlatforms) = postSolution
		{542285C8-3728-49E0-95FD-C75546A6CE96}.Debug|Any CPU.ActiveCfg = Debug|Any CPU
		{542285C8-3728-49E0-95FD-C75546A6CE96}.Debug|Any CPU.Build.0 = Debug|Any CPU
		{542285C8-3728-49E0-95FD-C75546A6CE96}.Release|Any CPU.ActiveCfg = Release|Any CPU
		{542285C8-3728-49E0-95FD-C75546A6CE96}.Release|Any CPU.Build.0 = Release|Any CPU
	EndGlobalSection
	GlobalSection(SolutionProperties) = preSolution
		HideSolutionNode = FALSE
	EndGlobalSection
	GlobalSection(ExtensibilityGlobals) = postSolution
		SolutionGuid = {347256F8-0A3C-471F-A596-A4828B036B45}
	EndGlobalSection
EndGlobal
